// !$*UTF8*$!
{
	archiveVersion = 1;
	classes = {
	};
	objectVersion = 77;
	objects = {

/* Begin PBXContainerItemProxy section */
		1928EC482FB5196F00D18A3B /* PBXContainerItemProxy */ = {
			isa = PBXContainerItemProxy;
			containerPortal = 1928EC322FB5196D00D18A3B /* Project object */;
			proxyType = 1;
			remoteGlobalIDString = 1928EC392FB5196D00D18A3B;
			remoteInfo = CanadaDigitalNews;
		};
		1928EC522FB5196F00D18A3B /* PBXContainerItemProxy */ = {
			isa = PBXContainerItemProxy;
			containerPortal = 1928EC322FB5196D00D18A3B /* Project object */;
			proxyType = 1;
			remoteGlobalIDString = 1928EC392FB5196D00D18A3B;
			remoteInfo = CanadaDigitalNews;
		};
/* End PBXContainerItemProxy section */

/* Begin PBXFileReference section */
		1928EC3A2FB5196D00D18A3B /* CanadaDigitalNews.app */ = {isa = PBXFileReference; explicitFileType = wrapper.application; includeInIndex = 0; path = CanadaDigitalNews.app; sourceTree = BUILT_PRODUCTS_DIR; };
		1928EC472FB5196F00D18A3B /* CanadaDigitalNewsTests.xctest */ = {isa = PBXFileReference; explicitFileType = wrapper.cfbundle; includeInIndex = 0; path = CanadaDigitalNewsTests.xctest; sourceTree = BUILT_PRODUCTS_DIR; };
		1928EC512FB5196F00D18A3B /* CanadaDigitalNewsUITests.xctest */ = {isa = PBXFileReference; explicitFileType = wrapper.cfbundle; includeInIndex = 0; path = CanadaDigitalNewsUITests.xctest; sourceTree = BUILT_PRODUCTS_DIR; };
/* End PBXFileReference section */

/* Begin PBXFileSystemSynchronizedRootGroup section */
		1928EC3C2FB5196D00D18A3B /* CanadaDigitalNews */ = {
			isa = PBXFileSystemSynchronizedRootGroup;
			path = CanadaDigitalNews;
			sourceTree = "<group>";
		};
		1928EC4A2FB5196F00D18A3B /* CanadaDigitalNewsTests */ = {
			isa = PBXFileSystemSynchronizedRootGroup;
			path = CanadaDigitalNewsTests;
			sourceTree = "<group>";
		};
		1928EC542FB5196F00D18A3B /* CanadaDigitalNewsUITests */ = {
			isa = PBXFileSystemSynchronizedRootGroup;
			path = CanadaDigitalNewsUITests;
			sourceTree = "<group>";
		};
/* End PBXFileSystemSynchronizedRootGroup section */

/* Begin PBXFrameworksBuildPhase section */
		1928EC372FB5196D00D18A3B /* Frameworks */ = {
			isa = PBXFrameworksBuildPhase;
			buildActionMask = 2147483647;
			files = (
			);
			runOnlyForDeploymentPostprocessing = 0;
		};
		1928EC442FB5196F00D18A3B /* Frameworks */ = {
			isa = PBXFrameworksBuildPhase;
			buildActionMask = 2147483647;
			files = (
			);
			runOnlyForDeploymentPostprocessing = 0;
		};
		1928EC4E2FB5196F00D18A3B /* Frameworks */ = {
			isa = PBXFrameworksBuildPhase;
			buildActionMask = 2147483647;
			files = (
			);
			runOnlyForDeploymentPostprocessing = 0;
		};
/* End PBXFrameworksBuildPhase section */

/* Begin PBXGroup section */
		1928EC312FB5196D00D18A3B = {
			isa = PBXGroup;
			children = (
				1928EC3C2FB5196D00D18A3B /* CanadaDigitalNews */,
				1928EC4A2FB5196F00D18A3B /* CanadaDigitalNewsTests */,
				1928EC542FB5196F00D18A3B /* CanadaDigitalNewsUITests */,
				1928EC3B2FB5196D00D18A3B /* Products */,
			);
			sourceTree = "<group>";
		};
		1928EC3B2FB5196D00D18A3B /* Products */ = {
			isa = PBXGroup;
			children = (
				1928EC3A2FB5196D00D18A3B /* CanadaDigitalNews.app */,
				1928EC472FB5196F00D18A3B /* CanadaDigitalNewsTests.xctest */,
				1928EC512FB5196F00D18A3B /* CanadaDigitalNewsUITests.xctest */,
			);
			name = Products;
			sourceTree = "<group>";
		};
/* End PBXGroup section */

/* Begin PBXNativeTarget section */
		1928EC392FB5196D00D18A3B /* CanadaDigitalNews */ = {
			isa = PBXNativeTarget;
			buildConfigurationList = 1928EC5B2FB5196F00D18A3B /* Build configuration list for PBXNativeTarget "CanadaDigitalNews" */;
			buildPhases = (
				1928EC362FB5196D00D18A3B /* Sources */,
				1928EC372FB5196D00D18A3B /* Frameworks */,
				1928EC382FB5196D00D18A3B /* Resources */,
			);
			buildRules = (
			);
			dependencies = (
			);
			fileSystemSynchronizedGroups = (
				1928EC3C2FB5196D00D18A3B /* CanadaDigitalNews */,
			);
			name = CanadaDigitalNews;
			packageProductDependencies = (
			);
			productName = CanadaDigitalNews;
			productReference = 1928EC3A2FB5196D00D18A3B /* CanadaDigitalNews.app */;
			productType = "com.apple.product-type.application";
		};
		1928EC462FB5196F00D18A3B /* CanadaDigitalNewsTests */ = {
			isa = PBXNativeTarget;
			buildConfigurationList = 1928EC5E2FB5196F00D18A3B /* Build configuration list for PBXNativeTarget "CanadaDigitalNewsTests" */;
			buildPhases = (
				1928EC432FB5196F00D18A3B /* Sources */,
				1928EC442FB5196F00D18A3B /* Frameworks */,
				1928EC452FB5196F00D18A3B /* Resources */,
			);
			buildRules = (
			);
			dependencies = (
				1928EC492FB5196F00D18A3B /* PBXTargetDependency */,
			);
			fileSystemSynchronizedGroups = (
				1928EC4A2FB5196F00D18A3B /* CanadaDigitalNewsTests */,
			);
			name = CanadaDigitalNewsTests;
			packageProductDependencies = (
			);
			productName = CanadaDigitalNewsTests;
			productReference = 1928EC472FB5196F00D18A3B /* CanadaDigitalNewsTests.xctest */;
			productType = "com.apple.product-type.bundle.unit-test";
		};
		1928EC502FB5196F00D18A3B /* CanadaDigitalNewsUITests */ = {
			isa = PBXNativeTarget;
			buildConfigurationList = 1928EC612FB5196F00D18A3B /* Build configuration list for PBXNativeTarget "CanadaDigitalNewsUITests" */;
			buildPhases = (
				1928EC4D2FB5196F00D18A3B /* Sources */,
				1928EC4E2FB5196F00D18A3B /* Frameworks */,
				1928EC4F2FB5196F00D18A3B /* Resources */,
			);
			buildRules = (
			);
			dependencies = (
				1928EC532FB5196F00D18A3B /* PBXTargetDependency */,
			);
			fileSystemSynchronizedGroups = (
				1928EC542FB5196F00D18A3B /* CanadaDigitalNewsUITests */,
			);
			name = CanadaDigitalNewsUITests;
			packageProductDependencies = (
			);
			productName = CanadaDigitalNewsUITests;
			productReference = 1928EC512FB5196F00D18A3B /* CanadaDigitalNewsUITests.xctest */;
			productType = "com.apple.product-type.bundle.ui-testing";
		};
/* End PBXNativeTarget section */

/* Begin PBXProject section */
		1928EC322FB5196D00D18A3B /* Project object */ = {
			isa = PBXProject;
			attributes = {
				BuildIndependentTargetsInParallel = 1;
				LastSwiftUpdateCheck = 2620;
				LastUpgradeCheck = 2620;
				TargetAttributes = {
					1928EC392FB5196D00D18A3B = {
						CreatedOnToolsVersion = 26.2;
					};
					1928EC462FB5196F00D18A3B = {
						CreatedOnToolsVersion = 26.2;
						TestTargetID = 1928EC392FB5196D00D18A3B;
					};
					1928EC502FB5196F00D18A3B = {
						CreatedOnToolsVersion = 26.2;
						TestTargetID = 1928EC392FB5196D00D18A3B;
					};
				};
			};
			buildConfigurationList = 1928EC352FB5196D00D18A3B /* Build configuration list for PBXProject "CanadaDigitalNews" */;
			developmentRegion = en;
			hasScannedForEncodings = 0;
			knownRegions = (
				en,
				Base,
			);
			mainGroup = 1928EC312FB5196D00D18A3B;
			minimizedProjectReferenceProxies = 1;
			preferredProjectObjectVersion = 77;
			productRefGroup = 1928EC3B2FB5196D00D18A3B /* Products */;
			projectDirPath = "";
			projectRoot = "";
			targets = (
				1928EC392FB5196D00D18A3B /* CanadaDigitalNews */,
				1928EC462FB5196F00D18A3B /* CanadaDigitalNewsTests */,
				1928EC502FB5196F00D18A3B /* CanadaDigitalNewsUITests */,
			);
		};
/* End PBXProject section */

/* Begin PBXResourcesBuildPhase section */
		1928EC382FB5196D00D18A3B /* Resources */ = {
			isa = PBXResourcesBuildPhase;
			buildActionMask = 2147483647;
			files = (
			);
			runOnlyForDeploymentPostprocessing = 0;
		};
		1928EC452FB5196F00D18A3B /* Resources */ = {
			isa = PBXResourcesBuildPhase;
			buildActionMask = 2147483647;
			files = (
			);
			runOnlyForDeploymentPostprocessing = 0;
		};
		1928EC4F2FB5196F00D18A3B /* Resources */ = {
			isa = PBXResourcesBuildPhase;
			buildActionMask = 2147483647;
			files = (
			);
			runOnlyForDeploymentPostprocessing = 0;
		};
/* End PBXResourcesBuildPhase section */

/* Begin PBXSourcesBuildPhase section */
		1928EC362FB5196D00D18A3B /* Sources */ = {
			isa = PBXSourcesBuildPhase;
			buildActionMask = 2147483647;
			files = (
			);
			runOnlyForDeploymentPostprocessing = 0;
		};
		1928EC432FB5196F00D18A3B /* Sources */ = {
			isa = PBXSourcesBuildPhase;
			buildActionMask = 2147483647;
			files = (
			);
			runOnlyForDeploymentPostprocessing = 0;
		};
		1928EC4D2FB5196F00D18A3B /* Sources */ = {
			isa = PBXSourcesBuildPhase;
			buildActionMask = 2147483647;
			files = (
			);
			runOnlyForDeploymentPostprocessing = 0;
		};
/* End PBXSourcesBuildPhase section */

/* Begin PBXTargetDependency section */
		1928EC492FB5196F00D18A3B /* PBXTargetDependency */ = {
			isa = PBXTargetDependency;
			target = 1928EC392FB5196D00D18A3B /* CanadaDigitalNews */;
			targetProxy = 1928EC482FB5196F00D18A3B /* PBXContainerItemProxy */;
		};
		1928EC532FB5196F00D18A3B /* PBXTargetDependency */ = {
			isa = PBXTargetDependency;
			target = 1928EC392FB5196D00D18A3B /* CanadaDigitalNews */;
			targetProxy = 1928EC522FB5196F00D18A3B /* PBXContainerItemProxy */;
		};
/* End PBXTargetDependency section */

/* Begin XCBuildConfiguration section */
		1928EC592FB5196F00D18A3B /* Debug */ = {
			isa = XCBuildConfiguration;
			buildSettings = {
				ALWAYS_SEARCH_USER_PATHS = NO;
				ASSETCATALOG_COMPILER_GENERATE_SWIFT_ASSET_SYMBOL_EXTENSIONS = YES;
				CLANG_ANALYZER_NONNULL = YES;
				CLANG_ANALYZER_NUMBER_OBJECT_CONVERSION = YES_AGGRESSIVE;
				CLANG_CXX_LANGUAGE_STANDARD = "gnu++20";
				CLANG_ENABLE_MODULES = YES;
				CLANG_ENABLE_OBJC_ARC = YES;
				CLANG_ENABLE_OBJC_WEAK = YES;
				CLANG_WARN_BLOCK_CAPTURE_AUTORELEASING = YES;
				CLANG_WARN_BOOL_CONVERSION = YES;
				CLANG_WARN_COMMA = YES;
				CLANG_WARN_CONSTANT_CONVERSION = YES;
				CLANG_WARN_DEPRECATED_OBJC_IMPLEMENTATIONS = YES;
				CLANG_WARN_DIRECT_OBJC_ISA_USAGE = YES_ERROR;
				CLANG_WARN_DOCUMENTATION_COMMENTS = YES;
				CLANG_WARN_EMPTY_BODY = YES;
				CLANG_WARN_ENUM_CONVERSION = YES;
				CLANG_WARN_INFINITE_RECURSION = YES;
				CLANG_WARN_INT_CONVERSION = YES;
				CLANG_WARN_NON_LITERAL_NULL_CONVERSION = YES;
				CLANG_WARN_OBJC_IMPLICIT_RETAIN_SELF = YES;
				CLANG_WARN_OBJC_LITERAL_CONVERSION = YES;
				CLANG_WARN_OBJC_ROOT_CLASS = YES_ERROR;
				CLANG_WARN_QUOTED_INCLUDE_IN_FRAMEWORK_HEADER = YES;
				CLANG_WARN_RANGE_LOOP_ANALYSIS = YES;
				CLANG_WARN_STRICT_PROTOTYPES = YES;
				CLANG_WARN_SUSPICIOUS_MOVE = YES;
				CLANG_WARN_UNGUARDED_AVAILABILITY = YES_AGGRESSIVE;
				CLANG_WARN_UNREACHABLE_CODE = YES;
				CLANG_WARN__DUPLICATE_METHOD_MATCH = YES;
				COPY_PHASE_STRIP = NO;
				DEBUG_INFORMATION_FORMAT = dwarf;
				ENABLE_STRICT_OBJC_MSGSEND = YES;
				ENABLE_TESTABILITY = YES;
				ENABLE_USER_SCRIPT_SANDBOXING = YES;
				GCC_C_LANGUAGE_STANDARD = gnu17;
				GCC_DYNAMIC_NO_PIC = NO;
				GCC_NO_COMMON_BLOCKS = YES;
				GCC_OPTIMIZATION_LEVEL = 0;
				GCC_PREPROCESSOR_DEFINITIONS = (
					"DEBUG=1",
					"$(inherited)",
				);
				GCC_WARN_64_TO_32_BIT_CONVERSION = YES;
				GCC_WARN_ABOUT_RETURN_TYPE = YES_ERROR;
				GCC_WARN_UNDECLARED_SELECTOR = YES;
				GCC_WARN_UNINITIALIZED_AUTOS = YES_AGGRESSIVE;
				GCC_WARN_UNUSED_FUNCTION = YES;
				GCC_WARN_UNUSED_VARIABLE = YES;
				IPHONEOS_DEPLOYMENT_TARGET = 26.2;
				LOCALIZATION_PREFERS_STRING_CATALOGS = YES;
				MTL_ENABLE_DEBUG_INFO = INCLUDE_SOURCE;
				MTL_FAST_MATH = YES;
				ONLY_ACTIVE_ARCH = YES;
				SDKROOT = iphoneos;
				SWIFT_ACTIVE_COMPILATION_CONDITIONS = "DEBUG $(inherited)";
				SWIFT_OPTIMIZATION_LEVEL = "-Onone";
			};
			name = Debug;
		};
		1928EC5A2FB5196F00D18A3B /* Release */ = {
			isa = XCBuildConfiguration;
			buildSettings = {
				ALWAYS_SEARCH_USER_PATHS = NO;
				ASSETCATALOG_COMPILER_GENERATE_SWIFT_ASSET_SYMBOL_EXTENSIONS = YES;
				CLANG_ANALYZER_NONNULL = YES;
				CLANG_ANALYZER_NUMBER_OBJECT_CONVERSION = YES_AGGRESSIVE;
				CLANG_CXX_LANGUAGE_STANDARD = "gnu++20";
				CLANG_ENABLE_MODULES = YES;
				CLANG_ENABLE_OBJC_ARC = YES;
				CLANG_ENABLE_OBJC_WEAK = YES;
				CLANG_WARN_BLOCK_CAPTURE_AUTORELEASING = YES;
				CLANG_WARN_BOOL_CONVERSION = YES;
				CLANG_WARN_COMMA = YES;
				CLANG_WARN_CONSTANT_CONVERSION = YES;
				CLANG_WARN_DEPRECATED_OBJC_IMPLEMENTATIONS = YES;
				CLANG_WARN_DIRECT_OBJC_ISA_USAGE = YES_ERROR;
				CLANG_WARN_DOCUMENTATION_COMMENTS = YES;
				CLANG_WARN_EMPTY_BODY = YES;
				CLANG_WARN_ENUM_CONVERSION = YES;
				CLANG_WARN_INFINITE_RECURSION = YES;
				CLANG_WARN_INT_CONVERSION = YES;
				CLANG_WARN_NON_LITERAL_NULL_CONVERSION = YES;
				CLANG_WARN_OBJC_IMPLICIT_RETAIN_SELF = YES;
				CLANG_WARN_OBJC_LITERAL_CONVERSION = YES;
				CLANG_WARN_OBJC_ROOT_CLASS = YES_ERROR;
				CLANG_WARN_QUOTED_INCLUDE_IN_FRAMEWORK_HEADER = YES;
				CLANG_WARN_RANGE_LOOP_ANALYSIS = YES;
				CLANG_WARN_STRICT_PROTOTYPES = YES;
				CLANG_WARN_SUSPICIOUS_MOVE = YES;
				CLANG_WARN_UNGUARDED_AVAILABILITY = YES_AGGRESSIVE;
				CLANG_WARN_UNREACHABLE_CODE = YES;
				CLANG_WARN__DUPLICATE_METHOD_MATCH = YES;
				COPY_PHASE_STRIP = NO;
				DEBUG_INFORMATION_FORMAT = "dwarf-with-dsym";
				ENABLE_NS_ASSERTIONS = NO;
				ENABLE_STRICT_OBJC_MSGSEND = YES;
				ENABLE_USER_SCRIPT_SANDBOXING = YES;
				GCC_C_LANGUAGE_STANDARD = gnu17;
				GCC_NO_COMMON_BLOCKS = YES;
				GCC_WARN_64_TO_32_BIT_CONVERSION = YES;
				GCC_WARN_ABOUT_RETURN_TYPE = YES_ERROR;
				GCC_WARN_UNDECLARED_SELECTOR = YES;
				GCC_WARN_UNINITIALIZED_AUTOS = YES_AGGRESSIVE;
				GCC_WARN_UNUSED_FUNCTION = YES;
				GCC_WARN_UNUSED_VARIABLE = YES;
				IPHONEOS_DEPLOYMENT_TARGET = 26.2;
				LOCALIZATION_PREFERS_STRING_CATALOGS = YES;
				MTL_ENABLE_DEBUG_INFO = NO;
				MTL_FAST_MATH = YES;
				SDKROOT = iphoneos;
				SWIFT_COMPILATION_MODE = wholemodule;
				VALIDATE_PRODUCT = YES;
			};
			name = Release;
		};
		1928EC5C2FB5196F00D18A3B /* Debug */ = {
			isa = XCBuildConfiguration;
			buildSettings = {
				ASSETCATALOG_COMPILER_APPICON_NAME = AppIcon;
				ASSETCATALOG_COMPILER_GLOBAL_ACCENT_COLOR_NAME = AccentColor;
				CODE_SIGN_STYLE = Automatic;
				CURRENT_PROJECT_VERSION = 1;
				ENABLE_PREVIEWS = YES;
				GENERATE_INFOPLIST_FILE = YES;
				INFOPLIST_KEY_UIApplicationSceneManifest_Generation = YES;
				INFOPLIST_KEY_UIApplicationSupportsIndirectInputEvents = YES;
				INFOPLIST_KEY_UILaunchScreen_Generation = YES;
				INFOPLIST_KEY_UISupportedInterfaceOrientations_iPad = "UIInterfaceOrientationPortrait UIInterfaceOrientationPortraitUpsideDown UIInterfaceOrientationLandscapeLeft UIInterfaceOrientationLandscapeRight";
				INFOPLIST_KEY_UISupportedInterfaceOrientations_iPhone = "UIInterfaceOrientationPortrait UIInterfaceOrientationLandscapeLeft UIInterfaceOrientationLandscapeRight";
				LD_RUNPATH_SEARCH_PATHS = (
					"$(inherited)",
					"@executable_path/Frameworks",
				);
				MARKETING_VERSION = 1.0;
				PRODUCT_BUNDLE_IDENTIFIER = com.sonamgour.CanadaDigitalNews;
				PRODUCT_NAME = "$(TARGET_NAME)";
				STRING_CATALOG_GENERATE_SYMBOLS = YES;
				SWIFT_APPROACHABLE_CONCURRENCY = YES;
				SWIFT_DEFAULT_ACTOR_ISOLATION = MainActor;
				SWIFT_EMIT_LOC_STRINGS = YES;
				SWIFT_UPCOMING_FEATURE_MEMBER_IMPORT_VISIBILITY = YES;
				SWIFT_VERSION = 5.0;
				TARGETED_DEVICE_FAMILY = "1,2";
			};
			name = Debug;
		};
		1928EC5D2FB5196F00D18A3B /* Release */ = {
			isa = XCBuildConfiguration;
			buildSettings = {
				ASSETCATALOG_COMPILER_APPICON_NAME = AppIcon;
				ASSETCATALOG_COMPILER_GLOBAL_ACCENT_COLOR_NAME = AccentColor;
				CODE_SIGN_STYLE = Automatic;
				CURRENT_PROJECT_VERSION = 1;
				ENABLE_PREVIEWS = YES;
				GENERATE_INFOPLIST_FILE = YES;
				INFOPLIST_KEY_UIApplicationSceneManifest_Generation = YES;
				INFOPLIST_KEY_UIApplicationSupportsIndirectInputEvents = YES;
				INFOPLIST_KEY_UILaunchScreen_Generation = YES;
				INFOPLIST_KEY_UISupportedInterfaceOrientations_iPad = "UIInterfaceOrientationPortrait UIInterfaceOrientationPortraitUpsideDown UIInterfaceOrientationLandscapeLeft UIInterfaceOrientationLandscapeRight";
				INFOPLIST_KEY_UISupportedInterfaceOrientations_iPhone = "UIInterfaceOrientationPortrait UIInterfaceOrientationLandscapeLeft UIInterfaceOrientationLandscapeRight";
				LD_RUNPATH_SEARCH_PATHS = (
					"$(inherited)",
					"@executable_path/Frameworks",
				);
				MARKETING_VERSION = 1.0;
				PRODUCT_BUNDLE_IDENTIFIER = com.sonamgour.CanadaDigitalNews;
				PRODUCT_NAME = "$(TARGET_NAME)";
				STRING_CATALOG_GENERATE_SYMBOLS = YES;
				SWIFT_APPROACHABLE_CONCURRENCY = YES;
				SWIFT_DEFAULT_ACTOR_ISOLATION = MainActor;
				SWIFT_EMIT_LOC_STRINGS = YES;
				SWIFT_UPCOMING_FEATURE_MEMBER_IMPORT_VISIBILITY = YES;
				SWIFT_VERSION = 5.0;
				TARGETED_DEVICE_FAMILY = "1,2";
			};
			name = Release;
		};
		1928EC5F2FB5196F00D18A3B /* Debug */ = {
			isa = XCBuildConfiguration;
			buildSettings = {
				BUNDLE_LOADER = "$(TEST_HOST)";
				CODE_SIGN_STYLE = Automatic;
				CURRENT_PROJECT_VERSION = 1;
				GENERATE_INFOPLIST_FILE = YES;
				IPHONEOS_DEPLOYMENT_TARGET = 26.2;
				MARKETING_VERSION = 1.0;
				PRODUCT_BUNDLE_IDENTIFIER = com.sonamgour.CanadaDigitalNewsTests;
				PRODUCT_NAME = "$(TARGET_NAME)";
				STRING_CATALOG_GENERATE_SYMBOLS = NO;
				SWIFT_APPROACHABLE_CONCURRENCY = YES;
				SWIFT_EMIT_LOC_STRINGS = NO;
				SWIFT_UPCOMING_FEATURE_MEMBER_IMPORT_VISIBILITY = YES;
				SWIFT_VERSION = 5.0;
				TARGETED_DEVICE_FAMILY = "1,2";
				TEST_HOST = "$(BUILT_PRODUCTS_DIR)/CanadaDigitalNews.app/$(BUNDLE_EXECUTABLE_FOLDER_PATH)/CanadaDigitalNews";
			};
			name = Debug;
		};
		1928EC602FB5196F00D18A3B /* Release */ = {
			isa = XCBuildConfiguration;
			buildSettings = {
				BUNDLE_LOADER = "$(TEST_HOST)";
				CODE_SIGN_STYLE = Automatic;
				CURRENT_PROJECT_VERSION = 1;
				GENERATE_INFOPLIST_FILE = YES;
				IPHONEOS_DEPLOYMENT_TARGET = 26.2;
				MARKETING_VERSION = 1.0;
				PRODUCT_BUNDLE_IDENTIFIER = com.sonamgour.CanadaDigitalNewsTests;
				PRODUCT_NAME = "$(TARGET_NAME)";
				STRING_CATALOG_GENERATE_SYMBOLS = NO;
				SWIFT_APPROACHABLE_CONCURRENCY = YES;
				SWIFT_EMIT_LOC_STRINGS = NO;
				SWIFT_UPCOMING_FEATURE_MEMBER_IMPORT_VISIBILITY = YES;
				SWIFT_VERSION = 5.0;
				TARGETED_DEVICE_FAMILY = "1,2";
				TEST_HOST = "$(BUILT_PRODUCTS_DIR)/CanadaDigitalNews.app/$(BUNDLE_EXECUTABLE_FOLDER_PATH)/CanadaDigitalNews";
			};
			name = Release;
		};
		1928EC622FB5196F00D18A3B /* Debug */ = {
			isa = XCBuildConfiguration;
			buildSettings = {
				CODE_SIGN_STYLE = Automatic;
				CURRENT_PROJECT_VERSION = 1;
				GENERATE_INFOPLIST_FILE = YES;
				MARKETING_VERSION = 1.0;
				PRODUCT_BUNDLE_IDENTIFIER = com.sonamgour.CanadaDigitalNewsUITests;
				PRODUCT_NAME = "$(TARGET_NAME)";
				STRING_CATALOG_GENERATE_SYMBOLS = NO;
				SWIFT_APPROACHABLE_CONCURRENCY = YES;
				SWIFT_EMIT_LOC_STRINGS = NO;
				SWIFT_UPCOMING_FEATURE_MEMBER_IMPORT_VISIBILITY = YES;
				SWIFT_VERSION = 5.0;
				TARGETED_DEVICE_FAMILY = "1,2";
				TEST_TARGET_NAME = CanadaDigitalNews;
			};
			name = Debug;
		};
		1928EC632FB5196F00D18A3B /* Release */ = {
			isa = XCBuildConfiguration;
			buildSettings = {
				CODE_SIGN_STYLE = Automatic;
				CURRENT_PROJECT_VERSION = 1;
				GENERATE_INFOPLIST_FILE = YES;
				MARKETING_VERSION = 1.0;
				PRODUCT_BUNDLE_IDENTIFIER = com.sonamgour.CanadaDigitalNewsUITests;
				PRODUCT_NAME = "$(TARGET_NAME)";
				STRING_CATALOG_GENERATE_SYMBOLS = NO;
				SWIFT_APPROACHABLE_CONCURRENCY = YES;
				SWIFT_EMIT_LOC_STRINGS = NO;
				SWIFT_UPCOMING_FEATURE_MEMBER_IMPORT_VISIBILITY = YES;
				SWIFT_VERSION = 5.0;
				TARGETED_DEVICE_FAMILY = "1,2";
				TEST_TARGET_NAME = CanadaDigitalNews;
			};
			name = Release;
		};
/* End XCBuildConfiguration section */

/* Begin XCConfigurationList section */
		1928EC352FB5196D00D18A3B /* Build configuration list for PBXProject "CanadaDigitalNews" */ = {
			isa = XCConfigurationList;
			buildConfigurations = (
				1928EC592FB5196F00D18A3B /* Debug */,
				1928EC5A2FB5196F00D18A3B /* Release */,
			);
			defaultConfigurationIsVisible = 0;
			defaultConfigurationName = Release;
		};
		1928EC5B2FB5196F00D18A3B /* Build configuration list for PBXNativeTarget "CanadaDigitalNews" */ = {
			isa = XCConfigurationList;
			buildConfigurations = (
				1928EC5C2FB5196F00D18A3B /* Debug */,
				1928EC5D2FB5196F00D18A3B /* Release */,
			);
			defaultConfigurationIsVisible = 0;
			defaultConfigurationName = Release;
		};
		1928EC5E2FB5196F00D18A3B /* Build configuration list for PBXNativeTarget "CanadaDigitalNewsTests" */ = {
			isa = XCConfigurationList;
			buildConfigurations = (
				1928EC5F2FB5196F00D18A3B /* Debug */,
				1928EC602FB5196F00D18A3B /* Release */,
			);
			defaultConfigurationIsVisible = 0;
			defaultConfigurationName = Release;
		};
		1928EC612FB5196F00D18A3B /* Build configuration list for PBXNativeTarget "CanadaDigitalNewsUITests" */ = {
			isa = XCConfigurationList;
			buildConfigurations = (
				1928EC622FB5196F00D18A3B /* Debug */,
				1928EC632FB5196F00D18A3B /* Release */,
			);
			defaultConfigurationIsVisible = 0;
			defaultConfigurationName = Release;
		};
/* End XCConfigurationList section */
	};
	rootObject = 1928EC322FB5196D00D18A3B /* Project object */;
}
